
Microsoft Visual Studio Solution File, Format Version 12.00
# Visual Studio Version 16
VisualStudioVersion = 16.0.31624.102
MinimumVisualStudioVersion = 10.0.40219.1
Project("{9A19103F-16F7-4668-BE54-9A1E7A4F7556}") = "Pattern.Builder", "Pattern.Builder\Pattern.Builder.csproj", "{60886746-DE5E-4829-88FD-705C0B9CD8E2}"
EndProject
Project("{9A19103F-16F7-4668-BE54-9A1E7A4F7556}") = "Pattern.Converter", "Pattern.Converter\Pattern.Converter.csproj", "{28F3A9FB-1A5F-4A28-B075-BB8F458C1846}"
EndProject
Project("{9A19103F-16F7-4668-BE54-9A1E7A4F7556}") = "Pattern.Tests", "Pattern.Tests\Pattern.Tests.csproj", "{2CE08786-1D64-4403-8512-DBDB02FC2EDF}"
EndProject
Global
	GlobalSection(SolutionConfigurationPlatforms) = preSolution
		Debug|Any CPU = Debug|Any CPU
		Release|Any CPU = Release|Any CPU
	EndGlobalSection
	GlobalSection(ProjectConfigurationPlatforms) = postSolution
		{60886746-DE5E-4829-88FD-705C0B9CD8E2}.Debug|Any CPU.ActiveCfg = Debug|Any CPU
		{60886746-DE5E-4829-88FD-705C0B9CD8E2}.Debug|Any CPU.Build.0 = Debug|Any CPU
		{60886746-DE5E-4829-88FD-705C0B9CD8E2}.Release|Any CPU.ActiveCfg = Release|Any CPU
		{60886746-DE5E-4829-88FD-705C0B9CD8E2}.Release|Any CPU.Build.0 = Release|Any CPU
		{28F3A9FB-1A5F-4A28-B075-BB8F458C1846}.Debug|Any CPU.ActiveCfg = Debug|Any CPU
		{28F3A9FB-1A5F-4A28-B075-BB8F458C1846}.Debug|Any CPU.Build.0 = Debug|Any CPU
		{28F3A9FB-1A5F-4A28-B075-BB8F458C1846}.Release|Any CPU.ActiveCfg = Release|Any CPU
		{28F3A9FB-1A5F-4A28-B075-BB8F458C1846}.Release|Any CPU.Build.0 = Release|Any CPU
		{2CE08786-1D64-4403-8512-DBDB02FC2EDF}.Debug|Any CPU.ActiveCfg = Debug|Any CPU
		{2CE08786-1D64-4403-8512-DBDB02FC2EDF}.Debug|Any CPU.Build.0 = Debug|Any CPU
		{2CE08786-1D64-4403-8512-DBDB02FC2EDF}.Release|Any CPU.ActiveCfg = Release|Any CPU
		{2CE08786-1D64-4403-8512-DBDB02FC2EDF}.Release|Any CPU.Build.0 = Release|Any CPU
	EndGlobalSection
	GlobalSection(SolutionProperties) = preSolution
		HideSolutionNode = FALSE
	EndGlobalSection
	GlobalSection(ExtensibilityGlobals) = postSolution
		SolutionGuid = {04304769-AD43-4012-A090-67E3455EC577}
	EndGlobalSection
EndGlobal
